
Microsoft Visual Studio Solution File, Format Version 9.00
# Visual Studio 2005
Project("{FAE04EC0-301F-11D3-BF4B-00C04F79EFBC}") = "Recipe09-01", "Recipe09-01\Recipe09-01.csproj", "{533B6D68-85CA-4A89-ADBD-C2DBED43D029}"
EndProject
Project("{FAE04EC0-301F-11D3-BF4B-00C04F79EFBC}") = "Recipe09-03", "Recipe09-03\Recipe09-03.csproj", "{20AADD27-192C-4DDA-B15F-098971B7FD6B}"
EndProject
Project("{FAE04EC0-301F-11D3-BF4B-00C04F79EFBC}") = "Recipe09-02", "Recipe09-02\Recipe09-02.csproj", "{C964C842-8246-46B0-985A-E5785D8B649D}"
EndProject
Project("{FAE04EC0-301F-11D3-BF4B-00C04F79EFBC}") = "Recipe09-04", "Recipe09-04\Recipe09-04.csproj", "{460B3C25-E105-47CB-A0C4-DEBA96DBF171}"
EndProject
Project("{FAE04EC0-301F-11D3-BF4B-00C04F79EFBC}") = "Recipe09-05", "Recipe09-05\Recipe09-05.csproj", "{136FBCCC-CCDE-4152-BFE8-2D5AE9FFCA65}"
EndProject
Project("{FAE04EC0-301F-11D3-BF4B-00C04F79EFBC}") = "Recipe09-06", "Recipe09-06\Recipe09-06.csproj", "{28055C8E-2C80-4344-9ABC-E19E711F39BF}"
EndProject
Project("{FAE04EC0-301F-11D3-BF4B-00C04F79EFBC}") = "Recipe09-07", "Recipe09-07\Recipe09-07.csproj", "{5048A110-E287-4FE0-9B04-09A2CE4B90E6}"
EndProject
Project("{FAE04EC0-301F-11D3-BF4B-00C04F79EFBC}") = "Recipe09-08", "Recipe09-08\Recipe09-08.csproj", "{135C66AC-B479-4271-A4C6-9C193E6D1A62}"
EndProject
Project("{FAE04EC0-301F-11D3-BF4B-00C04F79EFBC}") = "Recipe09-11", "Recipe09-11\Recipe09-11.csproj", "{DD14596D-7627-46C5-B651-E9256820F374}"
EndProject
Project("{FAE04EC0-301F-11D3-BF4B-00C04F79EFBC}") = "Recipe09-09", "Recipe09-09\Recipe09-09.csproj", "{4837D384-19AA-4753-8D51-92889D1ABDF8}"
EndProject
Project("{FAE04EC0-301F-11D3-BF4B-00C04F79EFBC}") = "Recipe09-10", "Recipe09-10\Recipe09-10.csproj", "{8A208A1B-A0EE-4A57-A8AA-B6F95473CB31}"
EndProject
Global
	GlobalSection(SolutionConfigurationPlatforms) = preSolution
		Debug|Any CPU = Debug|Any CPU
		Release|Any CPU = Release|Any CPU
	EndGlobalSection
	GlobalSection(ProjectConfigurationPlatforms) = postSolution
		{533B6D68-85CA-4A89-ADBD-C2DBED43D029}.Debug|Any CPU.ActiveCfg = Debug|Any CPU
		{533B6D68-85CA-4A89-ADBD-C2DBED43D029}.Debug|Any CPU.Build.0 = Debug|Any CPU
		{533B6D68-85CA-4A89-ADBD-C2DBED43D029}.Release|Any CPU.ActiveCfg = Release|Any CPU
		{533B6D68-85CA-4A89-ADBD-C2DBED43D029}.Release|Any CPU.Build.0 = Release|Any CPU
		{20AADD27-192C-4DDA-B15F-098971B7FD6B}.Debug|Any CPU.ActiveCfg = Debug|Any CPU
		{20AADD27-192C-4DDA-B15F-098971B7FD6B}.Debug|Any CPU.Build.0 = Debug|Any CPU
		{20AADD27-192C-4DDA-B15F-098971B7FD6B}.Release|Any CPU.ActiveCfg = Release|Any CPU
		{20AADD27-192C-4DDA-B15F-098971B7FD6B}.Release|Any CPU.Build.0 = Release|Any CPU
		{C964C842-8246-46B0-985A-E5785D8B649D}.Debug|Any CPU.ActiveCfg = Debug|Any CPU
		{C964C842-8246-46B0-985A-E5785D8B649D}.Debug|Any CPU.Build.0 = Debug|Any CPU
		{C964C842-8246-46B0-985A-E5785D8B649D}.Release|Any CPU.ActiveCfg = Release|Any CPU
		{C964C842-8246-46B0-985A-E5785D8B649D}.Release|Any CPU.Build.0 = Release|Any CPU
		{460B3C25-E105-47CB-A0C4-DEBA96DBF171}.Debug|Any CPU.ActiveCfg = Debug|Any CPU
		{460B3C25-E105-47CB-A0C4-DEBA96DBF171}.Debug|Any CPU.Build.0 = Debug|Any CPU
		{460B3C25-E105-47CB-A0C4-DEBA96DBF171}.Release|Any CPU.ActiveCfg = Release|Any CPU
		{460B3C25-E105-47CB-A0C4-DEBA96DBF171}.Release|Any CPU.Build.0 = Release|Any CPU
		{136FBCCC-CCDE-4152-BFE8-2D5AE9FFCA65}.Debug|Any CPU.ActiveCfg = Debug|Any CPU
		{136FBCCC-CCDE-4152-BFE8-2D5AE9FFCA65}.Debug|Any CPU.Build.0 = Debug|Any CPU
		{136FBCCC-CCDE-4152-BFE8-2D5AE9FFCA65}.Release|Any CPU.ActiveCfg = Release|Any CPU
		{136FBCCC-CCDE-4152-BFE8-2D5AE9FFCA65}.Release|Any CPU.Build.0 = Release|Any CPU
		{28055C8E-2C80-4344-9ABC-E19E711F39BF}.Debug|Any CPU.ActiveCfg = Debug|Any CPU
		{28055C8E-2C80-4344-9ABC-E19E711F39BF}.Debug|Any CPU.Build.0 = Debug|Any CPU
		{28055C8E-2C80-4344-9ABC-E19E711F39BF}.Release|Any CPU.ActiveCfg = Release|Any CPU
		{28055C8E-2C80-4344-9ABC-E19E711F39BF}.Release|Any CPU.Build.0 = Release|Any CPU
		{5048A110-E287-4FE0-9B04-09A2CE4B90E6}.Debug|Any CPU.ActiveCfg = Debug|Any CPU
		{5048A110-E287-4FE0-9B04-09A2CE4B90E6}.Debug|Any CPU.Build.0 = Debug|Any CPU
		{5048A110-E287-4FE0-9B04-09A2CE4B90E6}.Release|Any CPU.ActiveCfg = Release|Any CPU
		{5048A110-E287-4FE0-9B04-09A2CE4B90E6}.Release|Any CPU.Build.0 = Release|Any CPU
		{135C66AC-B479-4271-A4C6-9C193E6D1A62}.Debug|Any CPU.ActiveCfg = Debug|Any CPU
		{135C66AC-B479-4271-A4C6-9C193E6D1A62}.Debug|Any CPU.Build.0 = Debug|Any CPU
		{135C66AC-B479-4271-A4C6-9C193E6D1A62}.Release|Any CPU.ActiveCfg = Release|Any CPU
		{135C66AC-B479-4271-A4C6-9C193E6D1A62}.Release|Any CPU.Build.0 = Release|Any CPU
		{DD14596D-7627-46C5-B651-E9256820F374}.Debug|Any CPU.ActiveCfg = Debug|Any CPU
		{DD14596D-7627-46C5-B651-E9256820F374}.Debug|Any CPU.Build.0 = Debug|Any CPU
		{DD14596D-7627-46C5-B651-E9256820F374}.Release|Any CPU.ActiveCfg = Release|Any CPU
		{DD14596D-7627-46C5-B651-E9256820F374}.Release|Any CPU.Build.0 = Release|Any CPU
		{4837D384-19AA-4753-8D51-92889D1ABDF8}.Debug|Any CPU.ActiveCfg = Debug|Any CPU
		{4837D384-19AA-4753-8D51-92889D1ABDF8}.Debug|Any CPU.Build.0 = Debug|Any CPU
		{4837D384-19AA-4753-8D51-92889D1ABDF8}.Release|Any CPU.ActiveCfg = Release|Any CPU
		{4837D384-19AA-4753-8D51-92889D1ABDF8}.Release|Any CPU.Build.0 = Release|Any CPU
		{8A208A1B-A0EE-4A57-A8AA-B6F95473CB31}.Debug|Any CPU.ActiveCfg = Debug|Any CPU
		{8A208A1B-A0EE-4A57-A8AA-B6F95473CB31}.Debug|Any CPU.Build.0 = Debug|Any CPU
		{8A208A1B-A0EE-4A57-A8AA-B6F95473CB31}.Release|Any CPU.ActiveCfg = Release|Any CPU
		{8A208A1B-A0EE-4A57-A8AA-B6F95473CB31}.Release|Any CPU.Build.0 = Release|Any CPU
	EndGlobalSection
	GlobalSection(SolutionProperties) = preSolution
		HideSolutionNode = FALSE
	EndGlobalSection
EndGlobal
