
Microsoft Visual Studio Solution File, Format Version 9.00
# Visual Studio 2005
Project("{FAE04EC0-301F-11D3-BF4B-00C04F79EFBC}") = "Recipe05-01", "Recipe05-01\Recipe05-01.csproj", "{E32EF2F8-803D-4BEA-B9C3-65DDB7990239}"
EndProject
Project("{FAE04EC0-301F-11D3-BF4B-00C04F79EFBC}") = "Recipe05-02", "Recipe05-02\Recipe05-02.csproj", "{A6161A02-1913-4C7D-9C3D-3FFC12BA3189}"
EndProject
Project("{FAE04EC0-301F-11D3-BF4B-00C04F79EFBC}") = "Recipe05-03", "Recipe05-03\Recipe05-03.csproj", "{724AC5E8-3246-49C9-BBB2-4ED633E76E70}"
EndProject
Project("{FAE04EC0-301F-11D3-BF4B-00C04F79EFBC}") = "Recipe05-04", "Recipe05-04\Recipe05-04.csproj", "{78C10D3F-FBC7-4E22-B62F-B314A55B9242}"
EndProject
Project("{FAE04EC0-301F-11D3-BF4B-00C04F79EFBC}") = "Recipe05-05", "Recipe05-05\Recipe05-05.csproj", "{A75FD5E5-7131-4122-881E-6BD1F6C3DA5A}"
EndProject
Project("{FAE04EC0-301F-11D3-BF4B-00C04F79EFBC}") = "Recipe05-06", "Recipe05-06\Recipe05-06.csproj", "{CA9AAE24-D703-4087-8DC8-8F5AF114B108}"
EndProject
Project("{FAE04EC0-301F-11D3-BF4B-00C04F79EFBC}") = "Recipe05-07", "Recipe05-07\Recipe05-07.csproj", "{485D9632-5751-4EE7-8E5F-9308A5EED3F6}"
EndProject
Project("{FAE04EC0-301F-11D3-BF4B-00C04F79EFBC}") = "Recipe05-08", "Recipe05-08\Recipe05-08.csproj", "{B2FD0875-3E10-4C91-9E91-9FB80E44CDFA}"
EndProject
Project("{FAE04EC0-301F-11D3-BF4B-00C04F79EFBC}") = "Recipe05-10", "Recipe05-10\Recipe05-10.csproj", "{893AC81D-E443-4B42-8B6C-96B17802BBEB}"
EndProject
Project("{FAE04EC0-301F-11D3-BF4B-00C04F79EFBC}") = "Recipe05-11", "Recipe05-11\Recipe05-11.csproj", "{07D47D36-9425-4E0E-B8DA-E712E7165430}"
EndProject
Project("{FAE04EC0-301F-11D3-BF4B-00C04F79EFBC}") = "Recipe05-13", "Recipe05-13\Recipe05-13.csproj", "{800961F6-ABBD-4561-B4AE-0214E73FC147}"
EndProject
Project("{FAE04EC0-301F-11D3-BF4B-00C04F79EFBC}") = "Recipe05-14", "Recipe05-14\Recipe05-14.csproj", "{1DD131C2-6E01-4551-A664-EF8D6B2B83DA}"
EndProject
Project("{FAE04EC0-301F-11D3-BF4B-00C04F79EFBC}") = "Recipe05-15", "Recipe05-15\Recipe05-15.csproj", "{D0179C8B-ABA3-40A6-856E-F885710E2B07}"
EndProject
Project("{FAE04EC0-301F-11D3-BF4B-00C04F79EFBC}") = "Recipe05-16", "Recipe05-16\Recipe05-16.csproj", "{989CD1B6-D6D9-4EDF-9DBF-5B8D91FB7CFA}"
EndProject
Project("{FAE04EC0-301F-11D3-BF4B-00C04F79EFBC}") = "Recipe05-18", "Recipe05-18\Recipe05-18.csproj", "{639346BC-49F3-4E3D-AC23-35A9D4DFF714}"
EndProject
Project("{FAE04EC0-301F-11D3-BF4B-00C04F79EFBC}") = "Recipe05-19", "Recipe05-19\Recipe05-19.csproj", "{EFD8846B-1515-4185-AE50-68D021F0B3A1}"
EndProject
Project("{FAE04EC0-301F-11D3-BF4B-00C04F79EFBC}") = "Recipe05-20", "Recipe05-20\Recipe05-20.csproj", "{1D951B9C-2FEA-4AB3-970E-DE81ECBD216B}"
EndProject
Project("{FAE04EC0-301F-11D3-BF4B-00C04F79EFBC}") = "Recipe05-22", "Recipe05-22\Recipe05-22.csproj", "{AC673EE7-C6C7-448E-B546-000D6925E4E6}"
EndProject
Project("{FAE04EC0-301F-11D3-BF4B-00C04F79EFBC}") = "Recipe05-17", "Recipe05-17\Recipe05-17.csproj", "{13AF941A-76D8-4FFD-AD8A-0CE728816ADA}"
EndProject
Project("{FAE04EC0-301F-11D3-BF4B-00C04F79EFBC}") = "Recipe05-09", "Recipe05-09\Recipe05-09.csproj", "{F8476884-5CCB-41A2-B337-48BDF4E5237A}"
EndProject
Global
	GlobalSection(SolutionConfigurationPlatforms) = preSolution
		Debug|Any CPU = Debug|Any CPU
		Release|Any CPU = Release|Any CPU
	EndGlobalSection
	GlobalSection(ProjectConfigurationPlatforms) = postSolution
		{E32EF2F8-803D-4BEA-B9C3-65DDB7990239}.Debug|Any CPU.ActiveCfg = Debug|Any CPU
		{E32EF2F8-803D-4BEA-B9C3-65DDB7990239}.Debug|Any CPU.Build.0 = Debug|Any CPU
		{E32EF2F8-803D-4BEA-B9C3-65DDB7990239}.Release|Any CPU.ActiveCfg = Release|Any CPU
		{E32EF2F8-803D-4BEA-B9C3-65DDB7990239}.Release|Any CPU.Build.0 = Release|Any CPU
		{A6161A02-1913-4C7D-9C3D-3FFC12BA3189}.Debug|Any CPU.ActiveCfg = Debug|Any CPU
		{A6161A02-1913-4C7D-9C3D-3FFC12BA3189}.Debug|Any CPU.Build.0 = Debug|Any CPU
		{A6161A02-1913-4C7D-9C3D-3FFC12BA3189}.Release|Any CPU.ActiveCfg = Release|Any CPU
		{A6161A02-1913-4C7D-9C3D-3FFC12BA3189}.Release|Any CPU.Build.0 = Release|Any CPU
		{724AC5E8-3246-49C9-BBB2-4ED633E76E70}.Debug|Any CPU.ActiveCfg = Debug|Any CPU
		{724AC5E8-3246-49C9-BBB2-4ED633E76E70}.Debug|Any CPU.Build.0 = Debug|Any CPU
		{724AC5E8-3246-49C9-BBB2-4ED633E76E70}.Release|Any CPU.ActiveCfg = Release|Any CPU
		{724AC5E8-3246-49C9-BBB2-4ED633E76E70}.Release|Any CPU.Build.0 = Release|Any CPU
		{78C10D3F-FBC7-4E22-B62F-B314A55B9242}.Debug|Any CPU.ActiveCfg = Debug|Any CPU
		{78C10D3F-FBC7-4E22-B62F-B314A55B9242}.Debug|Any CPU.Build.0 = Debug|Any CPU
		{78C10D3F-FBC7-4E22-B62F-B314A55B9242}.Release|Any CPU.ActiveCfg = Release|Any CPU
		{78C10D3F-FBC7-4E22-B62F-B314A55B9242}.Release|Any CPU.Build.0 = Release|Any CPU
		{A75FD5E5-7131-4122-881E-6BD1F6C3DA5A}.Debug|Any CPU.ActiveCfg = Debug|Any CPU
		{A75FD5E5-7131-4122-881E-6BD1F6C3DA5A}.Debug|Any CPU.Build.0 = Debug|Any CPU
		{A75FD5E5-7131-4122-881E-6BD1F6C3DA5A}.Release|Any CPU.ActiveCfg = Release|Any CPU
		{A75FD5E5-7131-4122-881E-6BD1F6C3DA5A}.Release|Any CPU.Build.0 = Release|Any CPU
		{CA9AAE24-D703-4087-8DC8-8F5AF114B108}.Debug|Any CPU.ActiveCfg = Debug|Any CPU
		{CA9AAE24-D703-4087-8DC8-8F5AF114B108}.Debug|Any CPU.Build.0 = Debug|Any CPU
		{CA9AAE24-D703-4087-8DC8-8F5AF114B108}.Release|Any CPU.ActiveCfg = Release|Any CPU
		{CA9AAE24-D703-4087-8DC8-8F5AF114B108}.Release|Any CPU.Build.0 = Release|Any CPU
		{485D9632-5751-4EE7-8E5F-9308A5EED3F6}.Debug|Any CPU.ActiveCfg = Debug|Any CPU
		{485D9632-5751-4EE7-8E5F-9308A5EED3F6}.Debug|Any CPU.Build.0 = Debug|Any CPU
		{485D9632-5751-4EE7-8E5F-9308A5EED3F6}.Release|Any CPU.ActiveCfg = Release|Any CPU
		{485D9632-5751-4EE7-8E5F-9308A5EED3F6}.Release|Any CPU.Build.0 = Release|Any CPU
		{B2FD0875-3E10-4C91-9E91-9FB80E44CDFA}.Debug|Any CPU.ActiveCfg = Debug|Any CPU
		{B2FD0875-3E10-4C91-9E91-9FB80E44CDFA}.Debug|Any CPU.Build.0 = Debug|Any CPU
		{B2FD0875-3E10-4C91-9E91-9FB80E44CDFA}.Release|Any CPU.ActiveCfg = Release|Any CPU
		{B2FD0875-3E10-4C91-9E91-9FB80E44CDFA}.Release|Any CPU.Build.0 = Release|Any CPU
		{893AC81D-E443-4B42-8B6C-96B17802BBEB}.Debug|Any CPU.ActiveCfg = Debug|Any CPU
		{893AC81D-E443-4B42-8B6C-96B17802BBEB}.Debug|Any CPU.Build.0 = Debug|Any CPU
		{893AC81D-E443-4B42-8B6C-96B17802BBEB}.Release|Any CPU.ActiveCfg = Release|Any CPU
		{893AC81D-E443-4B42-8B6C-96B17802BBEB}.Release|Any CPU.Build.0 = Release|Any CPU
		{07D47D36-9425-4E0E-B8DA-E712E7165430}.Debug|Any CPU.ActiveCfg = Debug|Any CPU
		{07D47D36-9425-4E0E-B8DA-E712E7165430}.Debug|Any CPU.Build.0 = Debug|Any CPU
		{07D47D36-9425-4E0E-B8DA-E712E7165430}.Release|Any CPU.ActiveCfg = Release|Any CPU
		{07D47D36-9425-4E0E-B8DA-E712E7165430}.Release|Any CPU.Build.0 = Release|Any CPU
		{800961F6-ABBD-4561-B4AE-0214E73FC147}.Debug|Any CPU.ActiveCfg = Debug|Any CPU
		{800961F6-ABBD-4561-B4AE-0214E73FC147}.Debug|Any CPU.Build.0 = Debug|Any CPU
		{800961F6-ABBD-4561-B4AE-0214E73FC147}.Release|Any CPU.ActiveCfg = Release|Any CPU
		{800961F6-ABBD-4561-B4AE-0214E73FC147}.Release|Any CPU.Build.0 = Release|Any CPU
		{1DD131C2-6E01-4551-A664-EF8D6B2B83DA}.Debug|Any CPU.ActiveCfg = Debug|Any CPU
		{1DD131C2-6E01-4551-A664-EF8D6B2B83DA}.Debug|Any CPU.Build.0 = Debug|Any CPU
		{1DD131C2-6E01-4551-A664-EF8D6B2B83DA}.Release|Any CPU.ActiveCfg = Release|Any CPU
		{1DD131C2-6E01-4551-A664-EF8D6B2B83DA}.Release|Any CPU.Build.0 = Release|Any CPU
		{D0179C8B-ABA3-40A6-856E-F885710E2B07}.Debug|Any CPU.ActiveCfg = Debug|Any CPU
		{D0179C8B-ABA3-40A6-856E-F885710E2B07}.Debug|Any CPU.Build.0 = Debug|Any CPU
		{D0179C8B-ABA3-40A6-856E-F885710E2B07}.Release|Any CPU.ActiveCfg = Release|Any CPU
		{D0179C8B-ABA3-40A6-856E-F885710E2B07}.Release|Any CPU.Build.0 = Release|Any CPU
		{989CD1B6-D6D9-4EDF-9DBF-5B8D91FB7CFA}.Debug|Any CPU.ActiveCfg = Debug|Any CPU
		{989CD1B6-D6D9-4EDF-9DBF-5B8D91FB7CFA}.Debug|Any CPU.Build.0 = Debug|Any CPU
		{989CD1B6-D6D9-4EDF-9DBF-5B8D91FB7CFA}.Release|Any CPU.ActiveCfg = Release|Any CPU
		{989CD1B6-D6D9-4EDF-9DBF-5B8D91FB7CFA}.Release|Any CPU.Build.0 = Release|Any CPU
		{639346BC-49F3-4E3D-AC23-35A9D4DFF714}.Debug|Any CPU.ActiveCfg = Debug|Any CPU
		{639346BC-49F3-4E3D-AC23-35A9D4DFF714}.Debug|Any CPU.Build.0 = Debug|Any CPU
		{639346BC-49F3-4E3D-AC23-35A9D4DFF714}.Release|Any CPU.ActiveCfg = Release|Any CPU
		{639346BC-49F3-4E3D-AC23-35A9D4DFF714}.Release|Any CPU.Build.0 = Release|Any CPU
		{EFD8846B-1515-4185-AE50-68D021F0B3A1}.Debug|Any CPU.ActiveCfg = Debug|Any CPU
		{EFD8846B-1515-4185-AE50-68D021F0B3A1}.Debug|Any CPU.Build.0 = Debug|Any CPU
		{EFD8846B-1515-4185-AE50-68D021F0B3A1}.Release|Any CPU.ActiveCfg = Release|Any CPU
		{EFD8846B-1515-4185-AE50-68D021F0B3A1}.Release|Any CPU.Build.0 = Release|Any CPU
		{1D951B9C-2FEA-4AB3-970E-DE81ECBD216B}.Debug|Any CPU.ActiveCfg = Debug|Any CPU
		{1D951B9C-2FEA-4AB3-970E-DE81ECBD216B}.Debug|Any CPU.Build.0 = Debug|Any CPU
		{1D951B9C-2FEA-4AB3-970E-DE81ECBD216B}.Release|Any CPU.ActiveCfg = Release|Any CPU
		{1D951B9C-2FEA-4AB3-970E-DE81ECBD216B}.Release|Any CPU.Build.0 = Release|Any CPU
		{AC673EE7-C6C7-448E-B546-000D6925E4E6}.Debug|Any CPU.ActiveCfg = Debug|Any CPU
		{AC673EE7-C6C7-448E-B546-000D6925E4E6}.Debug|Any CPU.Build.0 = Debug|Any CPU
		{AC673EE7-C6C7-448E-B546-000D6925E4E6}.Release|Any CPU.ActiveCfg = Release|Any CPU
		{AC673EE7-C6C7-448E-B546-000D6925E4E6}.Release|Any CPU.Build.0 = Release|Any CPU
		{13AF941A-76D8-4FFD-AD8A-0CE728816ADA}.Debug|Any CPU.ActiveCfg = Debug|Any CPU
		{13AF941A-76D8-4FFD-AD8A-0CE728816ADA}.Debug|Any CPU.Build.0 = Debug|Any CPU
		{13AF941A-76D8-4FFD-AD8A-0CE728816ADA}.Release|Any CPU.ActiveCfg = Release|Any CPU
		{13AF941A-76D8-4FFD-AD8A-0CE728816ADA}.Release|Any CPU.Build.0 = Release|Any CPU
		{F8476884-5CCB-41A2-B337-48BDF4E5237A}.Debug|Any CPU.ActiveCfg = Debug|Any CPU
		{F8476884-5CCB-41A2-B337-48BDF4E5237A}.Debug|Any CPU.Build.0 = Debug|Any CPU
		{F8476884-5CCB-41A2-B337-48BDF4E5237A}.Release|Any CPU.ActiveCfg = Release|Any CPU
		{F8476884-5CCB-41A2-B337-48BDF4E5237A}.Release|Any CPU.Build.0 = Release|Any CPU
	EndGlobalSection
	GlobalSection(SolutionProperties) = preSolution
		HideSolutionNode = FALSE
	EndGlobalSection
EndGlobal
