
Microsoft Visual Studio Solution File, Format Version 9.00
# Visual Studio 2005
Project("{FAE04EC0-301F-11D3-BF4B-00C04F79EFBC}") = "Recipe03-01", "Recipe03-01\Recipe03-01.csproj", "{355C5BBD-B544-4C59-AC64-E997BBD94C2D}"
EndProject
Project("{FAE04EC0-301F-11D3-BF4B-00C04F79EFBC}") = "Recipe03-02", "Recipe03-02\Recipe03-02.csproj", "{8AE456B4-C075-4C25-866B-BBB78B012295}"
EndProject
Project("{FAE04EC0-301F-11D3-BF4B-00C04F79EFBC}") = "Recipe03-03", "Recipe03-03\Recipe03-03.csproj", "{DBAF924E-F769-468E-9EE7-BA71D3D19306}"
EndProject
Project("{FAE04EC0-301F-11D3-BF4B-00C04F79EFBC}") = "Recipe03-05", "Recipe03-05\Recipe03-05.csproj", "{C5192DEA-3989-4F97-8407-8EBA62E44C8E}"
EndProject
Project("{FAE04EC0-301F-11D3-BF4B-00C04F79EFBC}") = "Recipe03-06", "Recipe03-06\Recipe03-06.csproj", "{9B92E54D-DC48-40A4-8D3B-98CA89BEC335}"
EndProject
Project("{FAE04EC0-301F-11D3-BF4B-00C04F79EFBC}") = "Recipe03-07", "Recipe03-07\Recipe03-07.csproj", "{606692C2-1122-4194-9905-0DE64EFC0B2E}"
EndProject
Project("{FAE04EC0-301F-11D3-BF4B-00C04F79EFBC}") = "Recipe03-08", "Recipe03-08\Recipe03-08.csproj", "{A6DF3F36-DAD1-4315-9571-493A7E3D9FFC}"
EndProject
Project("{FAE04EC0-301F-11D3-BF4B-00C04F79EFBC}") = "Recipe03-10", "Recipe03-10\Recipe03-10.csproj", "{93AFA85D-902E-49FA-9AE9-A2D1FBF097EB}"
EndProject
Project("{FAE04EC0-301F-11D3-BF4B-00C04F79EFBC}") = "Recipe03-11", "Recipe03-11\Recipe03-11.csproj", "{B175C326-E3F8-42DB-89F6-5B72D18D38DB}"
EndProject
Project("{FAE04EC0-301F-11D3-BF4B-00C04F79EFBC}") = "Recipe03-12", "Recipe03-12\Recipe03-12.csproj", "{254697AE-5EA9-4230-9EC6-11D29F010FA7}"
EndProject
Project("{FAE04EC0-301F-11D3-BF4B-00C04F79EFBC}") = "Recipe03-14", "Recipe03-14\Recipe03-14.csproj", "{2CB2C4AD-252C-40D6-8B16-F409AEE4E0AE}"
EndProject
Project("{FAE04EC0-301F-11D3-BF4B-00C04F79EFBC}") = "Recipe03-13", "Recipe03-13\Recipe03-13.csproj", "{864C6EBF-075F-4120-B491-F333FA4281EF}"
EndProject
Global
	GlobalSection(SolutionConfigurationPlatforms) = preSolution
		Debug|Any CPU = Debug|Any CPU
		Release|Any CPU = Release|Any CPU
	EndGlobalSection
	GlobalSection(ProjectConfigurationPlatforms) = postSolution
		{355C5BBD-B544-4C59-AC64-E997BBD94C2D}.Debug|Any CPU.ActiveCfg = Debug|Any CPU
		{355C5BBD-B544-4C59-AC64-E997BBD94C2D}.Debug|Any CPU.Build.0 = Debug|Any CPU
		{355C5BBD-B544-4C59-AC64-E997BBD94C2D}.Release|Any CPU.ActiveCfg = Release|Any CPU
		{355C5BBD-B544-4C59-AC64-E997BBD94C2D}.Release|Any CPU.Build.0 = Release|Any CPU
		{8AE456B4-C075-4C25-866B-BBB78B012295}.Debug|Any CPU.ActiveCfg = Debug|Any CPU
		{8AE456B4-C075-4C25-866B-BBB78B012295}.Debug|Any CPU.Build.0 = Debug|Any CPU
		{8AE456B4-C075-4C25-866B-BBB78B012295}.Release|Any CPU.ActiveCfg = Release|Any CPU
		{8AE456B4-C075-4C25-866B-BBB78B012295}.Release|Any CPU.Build.0 = Release|Any CPU
		{DBAF924E-F769-468E-9EE7-BA71D3D19306}.Debug|Any CPU.ActiveCfg = Debug|Any CPU
		{DBAF924E-F769-468E-9EE7-BA71D3D19306}.Debug|Any CPU.Build.0 = Debug|Any CPU
		{DBAF924E-F769-468E-9EE7-BA71D3D19306}.Release|Any CPU.ActiveCfg = Release|Any CPU
		{DBAF924E-F769-468E-9EE7-BA71D3D19306}.Release|Any CPU.Build.0 = Release|Any CPU
		{C5192DEA-3989-4F97-8407-8EBA62E44C8E}.Debug|Any CPU.ActiveCfg = Debug|Any CPU
		{C5192DEA-3989-4F97-8407-8EBA62E44C8E}.Debug|Any CPU.Build.0 = Debug|Any CPU
		{C5192DEA-3989-4F97-8407-8EBA62E44C8E}.Release|Any CPU.ActiveCfg = Release|Any CPU
		{C5192DEA-3989-4F97-8407-8EBA62E44C8E}.Release|Any CPU.Build.0 = Release|Any CPU
		{9B92E54D-DC48-40A4-8D3B-98CA89BEC335}.Debug|Any CPU.ActiveCfg = Debug|Any CPU
		{9B92E54D-DC48-40A4-8D3B-98CA89BEC335}.Debug|Any CPU.Build.0 = Debug|Any CPU
		{9B92E54D-DC48-40A4-8D3B-98CA89BEC335}.Release|Any CPU.ActiveCfg = Release|Any CPU
		{9B92E54D-DC48-40A4-8D3B-98CA89BEC335}.Release|Any CPU.Build.0 = Release|Any CPU
		{606692C2-1122-4194-9905-0DE64EFC0B2E}.Debug|Any CPU.ActiveCfg = Debug|Any CPU
		{606692C2-1122-4194-9905-0DE64EFC0B2E}.Debug|Any CPU.Build.0 = Debug|Any CPU
		{606692C2-1122-4194-9905-0DE64EFC0B2E}.Release|Any CPU.ActiveCfg = Release|Any CPU
		{606692C2-1122-4194-9905-0DE64EFC0B2E}.Release|Any CPU.Build.0 = Release|Any CPU
		{A6DF3F36-DAD1-4315-9571-493A7E3D9FFC}.Debug|Any CPU.ActiveCfg = Debug|Any CPU
		{A6DF3F36-DAD1-4315-9571-493A7E3D9FFC}.Debug|Any CPU.Build.0 = Debug|Any CPU
		{A6DF3F36-DAD1-4315-9571-493A7E3D9FFC}.Release|Any CPU.ActiveCfg = Release|Any CPU
		{A6DF3F36-DAD1-4315-9571-493A7E3D9FFC}.Release|Any CPU.Build.0 = Release|Any CPU
		{93AFA85D-902E-49FA-9AE9-A2D1FBF097EB}.Debug|Any CPU.ActiveCfg = Debug|Any CPU
		{93AFA85D-902E-49FA-9AE9-A2D1FBF097EB}.Debug|Any CPU.Build.0 = Debug|Any CPU
		{93AFA85D-902E-49FA-9AE9-A2D1FBF097EB}.Release|Any CPU.ActiveCfg = Release|Any CPU
		{93AFA85D-902E-49FA-9AE9-A2D1FBF097EB}.Release|Any CPU.Build.0 = Release|Any CPU
		{B175C326-E3F8-42DB-89F6-5B72D18D38DB}.Debug|Any CPU.ActiveCfg = Debug|Any CPU
		{B175C326-E3F8-42DB-89F6-5B72D18D38DB}.Debug|Any CPU.Build.0 = Debug|Any CPU
		{B175C326-E3F8-42DB-89F6-5B72D18D38DB}.Release|Any CPU.ActiveCfg = Release|Any CPU
		{B175C326-E3F8-42DB-89F6-5B72D18D38DB}.Release|Any CPU.Build.0 = Release|Any CPU
		{254697AE-5EA9-4230-9EC6-11D29F010FA7}.Debug|Any CPU.ActiveCfg = Debug|Any CPU
		{254697AE-5EA9-4230-9EC6-11D29F010FA7}.Debug|Any CPU.Build.0 = Debug|Any CPU
		{254697AE-5EA9-4230-9EC6-11D29F010FA7}.Release|Any CPU.ActiveCfg = Release|Any CPU
		{254697AE-5EA9-4230-9EC6-11D29F010FA7}.Release|Any CPU.Build.0 = Release|Any CPU
		{2CB2C4AD-252C-40D6-8B16-F409AEE4E0AE}.Debug|Any CPU.ActiveCfg = Debug|Any CPU
		{2CB2C4AD-252C-40D6-8B16-F409AEE4E0AE}.Debug|Any CPU.Build.0 = Debug|Any CPU
		{2CB2C4AD-252C-40D6-8B16-F409AEE4E0AE}.Release|Any CPU.ActiveCfg = Release|Any CPU
		{2CB2C4AD-252C-40D6-8B16-F409AEE4E0AE}.Release|Any CPU.Build.0 = Release|Any CPU
		{864C6EBF-075F-4120-B491-F333FA4281EF}.Debug|Any CPU.ActiveCfg = Debug|Any CPU
		{864C6EBF-075F-4120-B491-F333FA4281EF}.Debug|Any CPU.Build.0 = Debug|Any CPU
		{864C6EBF-075F-4120-B491-F333FA4281EF}.Release|Any CPU.ActiveCfg = Release|Any CPU
		{864C6EBF-075F-4120-B491-F333FA4281EF}.Release|Any CPU.Build.0 = Release|Any CPU
	EndGlobalSection
	GlobalSection(SolutionProperties) = preSolution
		HideSolutionNode = FALSE
	EndGlobalSection
EndGlobal
