
Microsoft Visual Studio Solution File, Format Version 9.00
# Visual Studio 2005
Project("{FAE04EC0-301F-11D3-BF4B-00C04F79EFBC}") = "Recipe13-01", "Recipe13-01\Recipe13-01.csproj", "{60F71B27-AD43-4284-B17C-B5C913B53ACF}"
EndProject
Project("{FAE04EC0-301F-11D3-BF4B-00C04F79EFBC}") = "Recipe13-02", "Recipe13-02\Recipe13-02.csproj", "{B6E5CB7C-C169-4F12-9871-DBB61B0946B4}"
EndProject
Project("{FAE04EC0-301F-11D3-BF4B-00C04F79EFBC}") = "Recipe13-03", "Recipe13-03\Recipe13-03.csproj", "{1F7B000D-CDA5-48FA-A89D-C99D853E714A}"
EndProject
Project("{FAE04EC0-301F-11D3-BF4B-00C04F79EFBC}") = "Recipe13-04", "Recipe13-04\Recipe13-04.csproj", "{B140537E-804B-41F8-A01C-4AC786BA45C8}"
EndProject
Project("{FAE04EC0-301F-11D3-BF4B-00C04F79EFBC}") = "Recipe13-05", "Recipe13-05\Recipe13-05.csproj", "{9FD8A288-6C11-4512-8C34-0FF91965415F}"
EndProject
Project("{FAE04EC0-301F-11D3-BF4B-00C04F79EFBC}") = "Recipe13-06", "Recipe13-06\Recipe13-06.csproj", "{5B9FB0C3-A943-4147-9D65-A117A738727D}"
EndProject
Project("{FAE04EC0-301F-11D3-BF4B-00C04F79EFBC}") = "Recipe13-07", "Recipe13-07\Recipe13-07.csproj", "{B547070F-5A1E-45A8-8C75-AD8419D68298}"
EndProject
Project("{FAE04EC0-301F-11D3-BF4B-00C04F79EFBC}") = "Recipe13-08", "Recipe13-08\Recipe13-08.csproj", "{A8D42444-A780-420A-A30C-7867898D573D}"
EndProject
Project("{FAE04EC0-301F-11D3-BF4B-00C04F79EFBC}") = "Recipe13-09", "Recipe13-09\Recipe13-09.csproj", "{5FFC2023-1618-4FF5-9490-A6E30315A3B0}"
EndProject
Project("{FAE04EC0-301F-11D3-BF4B-00C04F79EFBC}") = "Recipe13-10", "Recipe13-10\Recipe13-10.csproj", "{24D55B4A-7E30-4A2C-AD48-A19F0587A8D2}"
EndProject
Project("{FAE04EC0-301F-11D3-BF4B-00C04F79EFBC}") = "Recipe13-11", "Recipe13-11\Recipe13-11.csproj", "{994A6C80-7EFF-432F-B0AB-D898C4419021}"
EndProject
Global
	GlobalSection(SolutionConfigurationPlatforms) = preSolution
		Debug|Any CPU = Debug|Any CPU
		Release|Any CPU = Release|Any CPU
	EndGlobalSection
	GlobalSection(ProjectConfigurationPlatforms) = postSolution
		{60F71B27-AD43-4284-B17C-B5C913B53ACF}.Debug|Any CPU.ActiveCfg = Debug|Any CPU
		{60F71B27-AD43-4284-B17C-B5C913B53ACF}.Debug|Any CPU.Build.0 = Debug|Any CPU
		{60F71B27-AD43-4284-B17C-B5C913B53ACF}.Release|Any CPU.ActiveCfg = Release|Any CPU
		{60F71B27-AD43-4284-B17C-B5C913B53ACF}.Release|Any CPU.Build.0 = Release|Any CPU
		{B6E5CB7C-C169-4F12-9871-DBB61B0946B4}.Debug|Any CPU.ActiveCfg = Debug|Any CPU
		{B6E5CB7C-C169-4F12-9871-DBB61B0946B4}.Debug|Any CPU.Build.0 = Debug|Any CPU
		{B6E5CB7C-C169-4F12-9871-DBB61B0946B4}.Release|Any CPU.ActiveCfg = Release|Any CPU
		{B6E5CB7C-C169-4F12-9871-DBB61B0946B4}.Release|Any CPU.Build.0 = Release|Any CPU
		{1F7B000D-CDA5-48FA-A89D-C99D853E714A}.Debug|Any CPU.ActiveCfg = Debug|Any CPU
		{1F7B000D-CDA5-48FA-A89D-C99D853E714A}.Debug|Any CPU.Build.0 = Debug|Any CPU
		{1F7B000D-CDA5-48FA-A89D-C99D853E714A}.Release|Any CPU.ActiveCfg = Release|Any CPU
		{1F7B000D-CDA5-48FA-A89D-C99D853E714A}.Release|Any CPU.Build.0 = Release|Any CPU
		{B140537E-804B-41F8-A01C-4AC786BA45C8}.Debug|Any CPU.ActiveCfg = Debug|Any CPU
		{B140537E-804B-41F8-A01C-4AC786BA45C8}.Debug|Any CPU.Build.0 = Debug|Any CPU
		{B140537E-804B-41F8-A01C-4AC786BA45C8}.Release|Any CPU.ActiveCfg = Release|Any CPU
		{B140537E-804B-41F8-A01C-4AC786BA45C8}.Release|Any CPU.Build.0 = Release|Any CPU
		{9FD8A288-6C11-4512-8C34-0FF91965415F}.Debug|Any CPU.ActiveCfg = Debug|Any CPU
		{9FD8A288-6C11-4512-8C34-0FF91965415F}.Debug|Any CPU.Build.0 = Debug|Any CPU
		{9FD8A288-6C11-4512-8C34-0FF91965415F}.Release|Any CPU.ActiveCfg = Release|Any CPU
		{9FD8A288-6C11-4512-8C34-0FF91965415F}.Release|Any CPU.Build.0 = Release|Any CPU
		{5B9FB0C3-A943-4147-9D65-A117A738727D}.Debug|Any CPU.ActiveCfg = Debug|Any CPU
		{5B9FB0C3-A943-4147-9D65-A117A738727D}.Debug|Any CPU.Build.0 = Debug|Any CPU
		{5B9FB0C3-A943-4147-9D65-A117A738727D}.Release|Any CPU.ActiveCfg = Release|Any CPU
		{5B9FB0C3-A943-4147-9D65-A117A738727D}.Release|Any CPU.Build.0 = Release|Any CPU
		{B547070F-5A1E-45A8-8C75-AD8419D68298}.Debug|Any CPU.ActiveCfg = Debug|Any CPU
		{B547070F-5A1E-45A8-8C75-AD8419D68298}.Debug|Any CPU.Build.0 = Debug|Any CPU
		{B547070F-5A1E-45A8-8C75-AD8419D68298}.Release|Any CPU.ActiveCfg = Release|Any CPU
		{B547070F-5A1E-45A8-8C75-AD8419D68298}.Release|Any CPU.Build.0 = Release|Any CPU
		{A8D42444-A780-420A-A30C-7867898D573D}.Debug|Any CPU.ActiveCfg = Debug|Any CPU
		{A8D42444-A780-420A-A30C-7867898D573D}.Debug|Any CPU.Build.0 = Debug|Any CPU
		{A8D42444-A780-420A-A30C-7867898D573D}.Release|Any CPU.ActiveCfg = Release|Any CPU
		{A8D42444-A780-420A-A30C-7867898D573D}.Release|Any CPU.Build.0 = Release|Any CPU
		{5FFC2023-1618-4FF5-9490-A6E30315A3B0}.Debug|Any CPU.ActiveCfg = Debug|Any CPU
		{5FFC2023-1618-4FF5-9490-A6E30315A3B0}.Debug|Any CPU.Build.0 = Debug|Any CPU
		{5FFC2023-1618-4FF5-9490-A6E30315A3B0}.Release|Any CPU.ActiveCfg = Release|Any CPU
		{5FFC2023-1618-4FF5-9490-A6E30315A3B0}.Release|Any CPU.Build.0 = Release|Any CPU
		{24D55B4A-7E30-4A2C-AD48-A19F0587A8D2}.Debug|Any CPU.ActiveCfg = Debug|Any CPU
		{24D55B4A-7E30-4A2C-AD48-A19F0587A8D2}.Debug|Any CPU.Build.0 = Debug|Any CPU
		{24D55B4A-7E30-4A2C-AD48-A19F0587A8D2}.Release|Any CPU.ActiveCfg = Release|Any CPU
		{24D55B4A-7E30-4A2C-AD48-A19F0587A8D2}.Release|Any CPU.Build.0 = Release|Any CPU
		{994A6C80-7EFF-432F-B0AB-D898C4419021}.Debug|Any CPU.ActiveCfg = Debug|Any CPU
		{994A6C80-7EFF-432F-B0AB-D898C4419021}.Debug|Any CPU.Build.0 = Debug|Any CPU
		{994A6C80-7EFF-432F-B0AB-D898C4419021}.Release|Any CPU.ActiveCfg = Release|Any CPU
		{994A6C80-7EFF-432F-B0AB-D898C4419021}.Release|Any CPU.Build.0 = Release|Any CPU
	EndGlobalSection
	GlobalSection(SolutionProperties) = preSolution
		HideSolutionNode = FALSE
	EndGlobalSection
EndGlobal
